// !$*UTF8*$!
{
	archiveVersion = 1;
	classes = {
	};
	objectVersion = 51;
	objects = {

/* Begin PBXBuildFile section */
		80C7D6FC79B88526E5EB92AF /* Pods_TwitterClone.framework in Frameworks */ = {isa = PBXBuildFile; fileRef = 1AA30047C11F3984C751451C /* Pods_TwitterClone.framework */; };
		AF08F0D624D4B82500ACDF27 /* GoogleService-Info.plist in Resources */ = {isa = PBXBuildFile; fileRef = AF08F0D524D4B82500ACDF27 /* GoogleService-Info.plist */; };
		AF094B0224C9B694003A4C7A /* AppDelegate.swift in Sources */ = {isa = PBXBuildFile; fileRef = AF094B0124C9B694003A4C7A /* AppDelegate.swift */; };
		AF094B0424C9B694003A4C7A /* SceneDelegate.swift in Sources */ = {isa = PBXBuildFile; fileRef = AF094B0324C9B694003A4C7A /* SceneDelegate.swift */; };
		AF094B0B24C9B695003A4C7A /* Assets.xcassets in Resources */ = {isa = PBXBuildFile; fileRef = AF094B0A24C9B695003A4C7A /* Assets.xcassets */; };
		AF094B0E24C9B695003A4C7A /* LaunchScreen.storyboard in Resources */ = {isa = PBXBuildFile; fileRef = AF094B0C24C9B695003A4C7A /* LaunchScreen.storyboard */; };
		AF094B1924C9B695003A4C7A /* TwitterCloneTests.swift in Sources */ = {isa = PBXBuildFile; fileRef = AF094B1824C9B695003A4C7A /* TwitterCloneTests.swift */; };
		AF094B2424C9B695003A4C7A /* TwitterCloneUITests.swift in Sources */ = {isa = PBXBuildFile; fileRef = AF094B2324C9B695003A4C7A /* TwitterCloneUITests.swift */; };
		AF094B3924C9B84F003A4C7A /* MainTabBarController.swift in Sources */ = {isa = PBXBuildFile; fileRef = AF094B3824C9B84F003A4C7A /* MainTabBarController.swift */; };
		AF094B3B24C9BB94003A4C7A /* FeedController.swift in Sources */ = {isa = PBXBuildFile; fileRef = AF094B3A24C9BB94003A4C7A /* FeedController.swift */; };
		AF094B3D24C9BBEF003A4C7A /* ExploreController.swift in Sources */ = {isa = PBXBuildFile; fileRef = AF094B3C24C9BBEF003A4C7A /* ExploreController.swift */; };
		AF094B3F24C9BC07003A4C7A /* NotificationsController.swift in Sources */ = {isa = PBXBuildFile; fileRef = AF094B3E24C9BC07003A4C7A /* NotificationsController.swift */; };
		AF094B4124C9BC23003A4C7A /* ConversationsController.swift in Sources */ = {isa = PBXBuildFile; fileRef = AF094B4024C9BC23003A4C7A /* ConversationsController.swift */; };
		AF094B4324C9BF85003A4C7A /* Main.storyboard in Resources */ = {isa = PBXBuildFile; fileRef = AF094B4224C9BF85003A4C7A /* Main.storyboard */; };
		AF094B4524C9D504003A4C7A /* Extensions.swift in Sources */ = {isa = PBXBuildFile; fileRef = AF094B4424C9D504003A4C7A /* Extensions.swift */; };
		AF1E913124CB03980082DC2F /* LoginController.swift in Sources */ = {isa = PBXBuildFile; fileRef = AF1E913024CB03980082DC2F /* LoginController.swift */; };
		AF1E913324CB042D0082DC2F /* RegistrationController.swift in Sources */ = {isa = PBXBuildFile; fileRef = AF1E913224CB042D0082DC2F /* RegistrationController.swift */; };
		AF1E913524CB107A0082DC2F /* Utilities.swift in Sources */ = {isa = PBXBuildFile; fileRef = AF1E913424CB107A0082DC2F /* Utilities.swift */; };
		AF69739B24D4961D0021A259 /* Constants.swift in Sources */ = {isa = PBXBuildFile; fileRef = AF69739A24D4961D0021A259 /* Constants.swift */; };
		AFAFE9C124D4B97D0034CE2B /* GoogleService-Info.plist in Resources */ = {isa = PBXBuildFile; fileRef = AFAFE9C024D4B97D0034CE2B /* GoogleService-Info.plist */; };
		BA4F404992469D7002832405 /* Pods_TwitterCloneTests.framework in Frameworks */ = {isa = PBXBuildFile; fileRef = 799D3BB444B0B86DCB63722B /* Pods_TwitterCloneTests.framework */; };
		D4D08A217DCB3E6F271E020E /* Pods_TwitterClone_TwitterCloneUITests.framework in Frameworks */ = {isa = PBXBuildFile; fileRef = 79862206252080E0D8F4F4D9 /* Pods_TwitterClone_TwitterCloneUITests.framework */; };
/* End PBXBuildFile section */

/* Begin PBXContainerItemProxy section */
		AF094B1524C9B695003A4C7A /* PBXContainerItemProxy */ = {
			isa = PBXContainerItemProxy;
			containerPortal = AF094AF624C9B694003A4C7A /* Project object */;
			proxyType = 1;
			remoteGlobalIDString = AF094AFD24C9B694003A4C7A;
			remoteInfo = TwitterClone;
		};
		AF094B2024C9B695003A4C7A /* PBXContainerItemProxy */ = {
			isa = PBXContainerItemProxy;
			containerPortal = AF094AF624C9B694003A4C7A /* Project object */;
			proxyType = 1;
			remoteGlobalIDString = AF094AFD24C9B694003A4C7A;
			remoteInfo = TwitterClone;
		};
/* End PBXContainerItemProxy section */

/* Begin PBXFileReference section */
		0134D9703DDC59A3CD27354E /* Pods-TwitterClone.release.xcconfig */ = {isa = PBXFileReference; includeInIndex = 1; lastKnownFileType = text.xcconfig; name = "Pods-TwitterClone.release.xcconfig"; path = "Target Support Files/Pods-TwitterClone/Pods-TwitterClone.release.xcconfig"; sourceTree = "<group>"; };
		1AA30047C11F3984C751451C /* Pods_TwitterClone.framework */ = {isa = PBXFileReference; explicitFileType = wrapper.framework; includeInIndex = 0; path = Pods_TwitterClone.framework; sourceTree = BUILT_PRODUCTS_DIR; };
		4BB0F9E9611B676C1BC446AE /* Pods-TwitterCloneTests.debug.xcconfig */ = {isa = PBXFileReference; includeInIndex = 1; lastKnownFileType = text.xcconfig; name = "Pods-TwitterCloneTests.debug.xcconfig"; path = "Target Support Files/Pods-TwitterCloneTests/Pods-TwitterCloneTests.debug.xcconfig"; sourceTree = "<group>"; };
		5437D8FA0C579CAB38379216 /* Pods-TwitterClone-TwitterCloneUITests.release.xcconfig */ = {isa = PBXFileReference; includeInIndex = 1; lastKnownFileType = text.xcconfig; name = "Pods-TwitterClone-TwitterCloneUITests.release.xcconfig"; path = "Target Support Files/Pods-TwitterClone-TwitterCloneUITests/Pods-TwitterClone-TwitterCloneUITests.release.xcconfig"; sourceTree = "<group>"; };
		548517F1C4261C2A21D502BB /* Pods-TwitterClone.debug.xcconfig */ = {isa = PBXFileReference; includeInIndex = 1; lastKnownFileType = text.xcconfig; name = "Pods-TwitterClone.debug.xcconfig"; path = "Target Support Files/Pods-TwitterClone/Pods-TwitterClone.debug.xcconfig"; sourceTree = "<group>"; };
		5D444FEBC91EB99656798DB5 /* Pods-TwitterCloneTests.release.xcconfig */ = {isa = PBXFileReference; includeInIndex = 1; lastKnownFileType = text.xcconfig; name = "Pods-TwitterCloneTests.release.xcconfig"; path = "Target Support Files/Pods-TwitterCloneTests/Pods-TwitterCloneTests.release.xcconfig"; sourceTree = "<group>"; };
		79862206252080E0D8F4F4D9 /* Pods_TwitterClone_TwitterCloneUITests.framework */ = {isa = PBXFileReference; explicitFileType = wrapper.framework; includeInIndex = 0; path = Pods_TwitterClone_TwitterCloneUITests.framework; sourceTree = BUILT_PRODUCTS_DIR; };
		799D3BB444B0B86DCB63722B /* Pods_TwitterCloneTests.framework */ = {isa = PBXFileReference; explicitFileType = wrapper.framework; includeInIndex = 0; path = Pods_TwitterCloneTests.framework; sourceTree = BUILT_PRODUCTS_DIR; };
		AF08F0D524D4B82500ACDF27 /* GoogleService-Info.plist */ = {isa = PBXFileReference; lastKnownFileType = text.plist; path = "GoogleService-Info.plist"; sourceTree = SOURCE_ROOT; };
		AF094AFE24C9B694003A4C7A /* TwitterClone.app */ = {isa = PBXFileReference; explicitFileType = wrapper.application; includeInIndex = 0; path = TwitterClone.app; sourceTree = BUILT_PRODUCTS_DIR; };
		AF094B0124C9B694003A4C7A /* AppDelegate.swift */ = {isa = PBXFileReference; lastKnownFileType = sourcecode.swift; path = AppDelegate.swift; sourceTree = "<group>"; };
		AF094B0324C9B694003A4C7A /* SceneDelegate.swift */ = {isa = PBXFileReference; lastKnownFileType = sourcecode.swift; path = SceneDelegate.swift; sourceTree = "<group>"; };
		AF094B0A24C9B695003A4C7A /* Assets.xcassets */ = {isa = PBXFileReference; lastKnownFileType = folder.assetcatalog; path = Assets.xcassets; sourceTree = "<group>"; };
		AF094B0D24C9B695003A4C7A /* Base */ = {isa = PBXFileReference; lastKnownFileType = file.storyboard; name = Base; path = Base.lproj/LaunchScreen.storyboard; sourceTree = "<group>"; };
		AF094B0F24C9B695003A4C7A /* Info.plist */ = {isa = PBXFileReference; lastKnownFileType = text.plist.xml; path = Info.plist; sourceTree = "<group>"; };
		AF094B1424C9B695003A4C7A /* TwitterCloneTests.xctest */ = {isa = PBXFileReference; explicitFileType = wrapper.cfbundle; includeInIndex = 0; path = TwitterCloneTests.xctest; sourceTree = BUILT_PRODUCTS_DIR; };
		AF094B1824C9B695003A4C7A /* TwitterCloneTests.swift */ = {isa = PBXFileReference; lastKnownFileType = sourcecode.swift; path = TwitterCloneTests.swift; sourceTree = "<group>"; };
		AF094B1A24C9B695003A4C7A /* Info.plist */ = {isa = PBXFileReference; lastKnownFileType = text.plist.xml; path = Info.plist; sourceTree = "<group>"; };
		AF094B1F24C9B695003A4C7A /* TwitterCloneUITests.xctest */ = {isa = PBXFileReference; explicitFileType = wrapper.cfbundle; includeInIndex = 0; path = TwitterCloneUITests.xctest; sourceTree = BUILT_PRODUCTS_DIR; };
		AF094B2324C9B695003A4C7A /* TwitterCloneUITests.swift */ = {isa = PBXFileReference; lastKnownFileType = sourcecode.swift; path = TwitterCloneUITests.swift; sourceTree = "<group>"; };
		AF094B2524C9B695003A4C7A /* Info.plist */ = {isa = PBXFileReference; lastKnownFileType = text.plist.xml; path = Info.plist; sourceTree = "<group>"; };
		AF094B3824C9B84F003A4C7A /* MainTabBarController.swift */ = {isa = PBXFileReference; lastKnownFileType = sourcecode.swift; path = MainTabBarController.swift; sourceTree = "<group>"; };
		AF094B3A24C9BB94003A4C7A /* FeedController.swift */ = {isa = PBXFileReference; lastKnownFileType = sourcecode.swift; path = FeedController.swift; sourceTree = "<group>"; };
		AF094B3C24C9BBEF003A4C7A /* ExploreController.swift */ = {isa = PBXFileReference; lastKnownFileType = sourcecode.swift; path = ExploreController.swift; sourceTree = "<group>"; };
		AF094B3E24C9BC07003A4C7A /* NotificationsController.swift */ = {isa = PBXFileReference; lastKnownFileType = sourcecode.swift; path = NotificationsController.swift; sourceTree = "<group>"; };
		AF094B4024C9BC23003A4C7A /* ConversationsController.swift */ = {isa = PBXFileReference; lastKnownFileType = sourcecode.swift; path = ConversationsController.swift; sourceTree = "<group>"; };
		AF094B4224C9BF85003A4C7A /* Main.storyboard */ = {isa = PBXFileReference; lastKnownFileType = file.storyboard; path = Main.storyboard; sourceTree = "<group>"; };
		AF094B4424C9D504003A4C7A /* Extensions.swift */ = {isa = PBXFileReference; lastKnownFileType = sourcecode.swift; path = Extensions.swift; sourceTree = "<group>"; };
		AF1E913024CB03980082DC2F /* LoginController.swift */ = {isa = PBXFileReference; lastKnownFileType = sourcecode.swift; path = LoginController.swift; sourceTree = "<group>"; };
		AF1E913224CB042D0082DC2F /* RegistrationController.swift */ = {isa = PBXFileReference; lastKnownFileType = sourcecode.swift; path = RegistrationController.swift; sourceTree = "<group>"; };
		AF1E913424CB107A0082DC2F /* Utilities.swift */ = {isa = PBXFileReference; lastKnownFileType = sourcecode.swift; path = Utilities.swift; sourceTree = "<group>"; };
		AF69739A24D4961D0021A259 /* Constants.swift */ = {isa = PBXFileReference; lastKnownFileType = sourcecode.swift; path = Constants.swift; sourceTree = "<group>"; };
		AFAFE9C024D4B97D0034CE2B /* GoogleService-Info.plist */ = {isa = PBXFileReference; lastKnownFileType = text.plist; path = "GoogleService-Info.plist"; sourceTree = SOURCE_ROOT; };
		B2D272D1F7818DA94A7EBBA2 /* Pods-TwitterClone-TwitterCloneUITests.debug.xcconfig */ = {isa = PBXFileReference; includeInIndex = 1; lastKnownFileType = text.xcconfig; name = "Pods-TwitterClone-TwitterCloneUITests.debug.xcconfig"; path = "Target Support Files/Pods-TwitterClone-TwitterCloneUITests/Pods-TwitterClone-TwitterCloneUITests.debug.xcconfig"; sourceTree = "<group>"; };
/* End PBXFileReference section */

/* Begin PBXFrameworksBuildPhase section */
		AF094AFB24C9B694003A4C7A /* Frameworks */ = {
			isa = PBXFrameworksBuildPhase;
			buildActionMask = 2147483647;
			files = (
				80C7D6FC79B88526E5EB92AF /* Pods_TwitterClone.framework in Frameworks */,
			);
			runOnlyForDeploymentPostprocessing = 0;
		};
		AF094B1124C9B695003A4C7A /* Frameworks */ = {
			isa = PBXFrameworksBuildPhase;
			buildActionMask = 2147483647;
			files = (
				BA4F404992469D7002832405 /* Pods_TwitterCloneTests.framework in Frameworks */,
			);
			runOnlyForDeploymentPostprocessing = 0;
		};
		AF094B1C24C9B695003A4C7A /* Frameworks */ = {
			isa = PBXFrameworksBuildPhase;
			buildActionMask = 2147483647;
			files = (
				D4D08A217DCB3E6F271E020E /* Pods_TwitterClone_TwitterCloneUITests.framework in Frameworks */,
			);
			runOnlyForDeploymentPostprocessing = 0;
		};
/* End PBXFrameworksBuildPhase section */

/* Begin PBXGroup section */
		048707CEBFC6DC4463379FCA /* Frameworks */ = {
			isa = PBXGroup;
			children = (
				1AA30047C11F3984C751451C /* Pods_TwitterClone.framework */,
				79862206252080E0D8F4F4D9 /* Pods_TwitterClone_TwitterCloneUITests.framework */,
				799D3BB444B0B86DCB63722B /* Pods_TwitterCloneTests.framework */,
			);
			name = Frameworks;
			sourceTree = "<group>";
		};
		A54B61C0E61F15F70C37B916 /* Pods */ = {
			isa = PBXGroup;
			children = (
				548517F1C4261C2A21D502BB /* Pods-TwitterClone.debug.xcconfig */,
				0134D9703DDC59A3CD27354E /* Pods-TwitterClone.release.xcconfig */,
				B2D272D1F7818DA94A7EBBA2 /* Pods-TwitterClone-TwitterCloneUITests.debug.xcconfig */,
				5437D8FA0C579CAB38379216 /* Pods-TwitterClone-TwitterCloneUITests.release.xcconfig */,
				4BB0F9E9611B676C1BC446AE /* Pods-TwitterCloneTests.debug.xcconfig */,
				5D444FEBC91EB99656798DB5 /* Pods-TwitterCloneTests.release.xcconfig */,
			);
			path = Pods;
			sourceTree = "<group>";
		};
		AF094AF524C9B694003A4C7A = {
			isa = PBXGroup;
			children = (
				AF094B0024C9B694003A4C7A /* TwitterClone */,
				AF094B1724C9B695003A4C7A /* TwitterCloneTests */,
				AF094B2224C9B695003A4C7A /* TwitterCloneUITests */,
				AF094AFF24C9B694003A4C7A /* Products */,
				A54B61C0E61F15F70C37B916 /* Pods */,
				048707CEBFC6DC4463379FCA /* Frameworks */,
			);
			sourceTree = "<group>";
		};
		AF094AFF24C9B694003A4C7A /* Products */ = {
			isa = PBXGroup;
			children = (
				AF094AFE24C9B694003A4C7A /* TwitterClone.app */,
				AF094B1424C9B695003A4C7A /* TwitterCloneTests.xctest */,
				AF094B1F24C9B695003A4C7A /* TwitterCloneUITests.xctest */,
			);
			name = Products;
			sourceTree = "<group>";
		};
		AF094B0024C9B694003A4C7A /* TwitterClone */ = {
			isa = PBXGroup;
			children = (
				AF094B3724C9B727003A4C7A /* Model */,
				AF094B3624C9B724003A4C7A /* View */,
				AF094B3524C9B722003A4C7A /* ViewModel */,
				AF094B3424C9B720003A4C7A /* Controller */,
				AF094B3224C9B719003A4C7A /* API */,
				AF094B3124C9B6E7003A4C7A /* Utils */,
				AF094B0124C9B694003A4C7A /* AppDelegate.swift */,
				AF094B0324C9B694003A4C7A /* SceneDelegate.swift */,
				AF094B0A24C9B695003A4C7A /* Assets.xcassets */,
				AF094B4224C9BF85003A4C7A /* Main.storyboard */,
				AF094B0C24C9B695003A4C7A /* LaunchScreen.storyboard */,
				AFAFE9C024D4B97D0034CE2B /* GoogleService-Info.plist */,
				AF094B0F24C9B695003A4C7A /* Info.plist */,
			);
			path = TwitterClone;
			sourceTree = "<group>";
		};
		AF094B1724C9B695003A4C7A /* TwitterCloneTests */ = {
			isa = PBXGroup;
			children = (
				AF094B1824C9B695003A4C7A /* TwitterCloneTests.swift */,
				AF094B1A24C9B695003A4C7A /* Info.plist */,
				AF08F0D524D4B82500ACDF27 /* GoogleService-Info.plist */,
			);
			path = TwitterCloneTests;
			sourceTree = "<group>";
		};
		AF094B2224C9B695003A4C7A /* TwitterCloneUITests */ = {
			isa = PBXGroup;
			children = (
				AF094B2324C9B695003A4C7A /* TwitterCloneUITests.swift */,
				AF094B2524C9B695003A4C7A /* Info.plist */,
			);
			path = TwitterCloneUITests;
			sourceTree = "<group>";
		};
		AF094B3124C9B6E7003A4C7A /* Utils */ = {
			isa = PBXGroup;
			children = (
				AF094B4424C9D504003A4C7A /* Extensions.swift */,
				AF1E913424CB107A0082DC2F /* Utilities.swift */,
				AF69739A24D4961D0021A259 /* Constants.swift */,
			);
			path = Utils;
			sourceTree = "<group>";
		};
		AF094B3224C9B719003A4C7A /* API */ = {
			isa = PBXGroup;
			children = (
			);
			path = API;
			sourceTree = "<group>";
		};
		AF094B3424C9B720003A4C7A /* Controller */ = {
			isa = PBXGroup;
			children = (
				AF1E912F24CB036D0082DC2F /* Authentication */,
				AF094B3824C9B84F003A4C7A /* MainTabBarController.swift */,
				AF094B3A24C9BB94003A4C7A /* FeedController.swift */,
				AF094B3C24C9BBEF003A4C7A /* ExploreController.swift */,
				AF094B3E24C9BC07003A4C7A /* NotificationsController.swift */,
				AF094B4024C9BC23003A4C7A /* ConversationsController.swift */,
			);
			path = Controller;
			sourceTree = "<group>";
		};
		AF094B3524C9B722003A4C7A /* ViewModel */ = {
			isa = PBXGroup;
			children = (
			);
			path = ViewModel;
			sourceTree = "<group>";
		};
		AF094B3624C9B724003A4C7A /* View */ = {
			isa = PBXGroup;
			children = (
			);
			path = View;
			sourceTree = "<group>";
		};
		AF094B3724C9B727003A4C7A /* Model */ = {
			isa = PBXGroup;
			children = (
			);
			path = Model;
			sourceTree = "<group>";
		};
		AF1E912F24CB036D0082DC2F /* Authentication */ = {
			isa = PBXGroup;
			children = (
				AF1E913024CB03980082DC2F /* LoginController.swift */,
				AF1E913224CB042D0082DC2F /* RegistrationController.swift */,
			);
			path = Authentication;
			sourceTree = "<group>";
		};
/* End PBXGroup section */

/* Begin PBXNativeTarget section */
		AF094AFD24C9B694003A4C7A /* TwitterClone */ = {
			isa = PBXNativeTarget;
			buildConfigurationList = AF094B2824C9B695003A4C7A /* Build configuration list for PBXNativeTarget "TwitterClone" */;
			buildPhases = (
				53B942DC4A3FEDF6F5CFBE32 /* [CP] Check Pods Manifest.lock */,
				AF094AFA24C9B694003A4C7A /* Sources */,
				AF094AFB24C9B694003A4C7A /* Frameworks */,
				AF094AFC24C9B694003A4C7A /* Resources */,
				9DFFF3480DFC56DE2C73F5D4 /* [CP] Embed Pods Frameworks */,
			);
			buildRules = (
			);
			dependencies = (
			);
			name = TwitterClone;
			productName = TwitterClone;
			productReference = AF094AFE24C9B694003A4C7A /* TwitterClone.app */;
			productType = "com.apple.product-type.application";
		};
		AF094B1324C9B695003A4C7A /* TwitterCloneTests */ = {
			isa = PBXNativeTarget;
			buildConfigurationList = AF094B2B24C9B695003A4C7A /* Build configuration list for PBXNativeTarget "TwitterCloneTests" */;
			buildPhases = (
				AFEF395525888D2410549562 /* [CP] Check Pods Manifest.lock */,
				AF094B1024C9B695003A4C7A /* Sources */,
				AF094B1124C9B695003A4C7A /* Frameworks */,
				AF094B1224C9B695003A4C7A /* Resources */,
			);
			buildRules = (
			);
			dependencies = (
				AF094B1624C9B695003A4C7A /* PBXTargetDependency */,
			);
			name = TwitterCloneTests;
			productName = TwitterCloneTests;
			productReference = AF094B1424C9B695003A4C7A /* TwitterCloneTests.xctest */;
			productType = "com.apple.product-type.bundle.unit-test";
		};
		AF094B1E24C9B695003A4C7A /* TwitterCloneUITests */ = {
			isa = PBXNativeTarget;
			buildConfigurationList = AF094B2E24C9B695003A4C7A /* Build configuration list for PBXNativeTarget "TwitterCloneUITests" */;
			buildPhases = (
				86EC06919ADDC5F0ACD3CDF2 /* [CP] Check Pods Manifest.lock */,
				AF094B1B24C9B695003A4C7A /* Sources */,
				AF094B1C24C9B695003A4C7A /* Frameworks */,
				AF094B1D24C9B695003A4C7A /* Resources */,
				D9616332756737596F31326A /* [CP] Embed Pods Frameworks */,
			);
			buildRules = (
			);
			dependencies = (
				AF094B2124C9B695003A4C7A /* PBXTargetDependency */,
			);
			name = TwitterCloneUITests;
			productName = TwitterCloneUITests;
			productReference = AF094B1F24C9B695003A4C7A /* TwitterCloneUITests.xctest */;
			productType = "com.apple.product-type.bundle.ui-testing";
		};
/* End PBXNativeTarget section */

/* Begin PBXProject section */
		AF094AF624C9B694003A4C7A /* Project object */ = {
			isa = PBXProject;
			attributes = {
				LastSwiftUpdateCheck = 1160;
				LastUpgradeCheck = 1160;
				ORGANIZATIONNAME = "Lidiane Gomes Barbosa";
				TargetAttributes = {
					AF094AFD24C9B694003A4C7A = {
						CreatedOnToolsVersion = 11.6;
					};
					AF094B1324C9B695003A4C7A = {
						CreatedOnToolsVersion = 11.6;
						TestTargetID = AF094AFD24C9B694003A4C7A;
					};
					AF094B1E24C9B695003A4C7A = {
						CreatedOnToolsVersion = 11.6;
						TestTargetID = AF094AFD24C9B694003A4C7A;
					};
				};
			};
			buildConfigurationList = AF094AF924C9B694003A4C7A /* Build configuration list for PBXProject "TwitterClone" */;
			compatibilityVersion = "Xcode 9.3";
			developmentRegion = en;
			hasScannedForEncodings = 0;
			knownRegions = (
				en,
				Base,
			);
			mainGroup = AF094AF524C9B694003A4C7A;
			productRefGroup = AF094AFF24C9B694003A4C7A /* Products */;
			projectDirPath = "";
			projectRoot = "";
			targets = (
				AF094AFD24C9B694003A4C7A /* TwitterClone */,
				AF094B1324C9B695003A4C7A /* TwitterCloneTests */,
				AF094B1E24C9B695003A4C7A /* TwitterCloneUITests */,
			);
		};
/* End PBXProject section */

/* Begin PBXResourcesBuildPhase section */
		AF094AFC24C9B694003A4C7A /* Resources */ = {
			isa = PBXResourcesBuildPhase;
			buildActionMask = 2147483647;
			files = (
				AF094B4324C9BF85003A4C7A /* Main.storyboard in Resources */,
				AFAFE9C124D4B97D0034CE2B /* GoogleService-Info.plist in Resources */,
				AF094B0E24C9B695003A4C7A /* LaunchScreen.storyboard in Resources */,
				AF094B0B24C9B695003A4C7A /* Assets.xcassets in Resources */,
			);
			runOnlyForDeploymentPostprocessing = 0;
		};
		AF094B1224C9B695003A4C7A /* Resources */ = {
			isa = PBXResourcesBuildPhase;
			buildActionMask = 2147483647;
			files = (
				AF08F0D624D4B82500ACDF27 /* GoogleService-Info.plist in Resources */,
			);
			runOnlyForDeploymentPostprocessing = 0;
		};
		AF094B1D24C9B695003A4C7A /* Resources */ = {
			isa = PBXResourcesBuildPhase;
			buildActionMask = 2147483647;
			files = (
			);
			runOnlyForDeploymentPostprocessing = 0;
		};
/* End PBXResourcesBuildPhase section */

/* Begin PBXShellScriptBuildPhase section */
		53B942DC4A3FEDF6F5CFBE32 /* [CP] Check Pods Manifest.lock */ = {
			isa = PBXShellScriptBuildPhase;
			buildActionMask = 2147483647;
			files = (
			);
			inputFileListPaths = (
			);
			inputPaths = (
				"${PODS_PODFILE_DIR_PATH}/Podfile.lock",
				"${PODS_ROOT}/Manifest.lock",
			);
			name = "[CP] Check Pods Manifest.lock";
			outputFileListPaths = (
			);
			outputPaths = (
				"$(DERIVED_FILE_DIR)/Pods-TwitterClone-checkManifestLockResult.txt",
			);
			runOnlyForDeploymentPostprocessing = 0;
			shellPath = /bin/sh;
			shellScript = "diff \"${PODS_PODFILE_DIR_PATH}/Podfile.lock\" \"${PODS_ROOT}/Manifest.lock\" > /dev/null\nif [ $? != 0 ] ; then\n    # print error to STDERR\n    echo \"error: The sandbox is not in sync with the Podfile.lock. Run 'pod install' or update your CocoaPods installation.\" >&2\n    exit 1\nfi\n# This output is used by Xcode 'outputs' to avoid re-running this script phase.\necho \"SUCCESS\" > \"${SCRIPT_OUTPUT_FILE_0}\"\n";
			showEnvVarsInLog = 0;
		};
		86EC06919ADDC5F0ACD3CDF2 /* [CP] Check Pods Manifest.lock */ = {
			isa = PBXShellScriptBuildPhase;
			buildActionMask = 2147483647;
			files = (
			);
			inputFileListPaths = (
			);
			inputPaths = (
				"${PODS_PODFILE_DIR_PATH}/Podfile.lock",
				"${PODS_ROOT}/Manifest.lock",
			);
			name = "[CP] Check Pods Manifest.lock";
			outputFileListPaths = (
			);
			outputPaths = (
				"$(DERIVED_FILE_DIR)/Pods-TwitterClone-TwitterCloneUITests-checkManifestLockResult.txt",
			);
			runOnlyForDeploymentPostprocessing = 0;
			shellPath = /bin/sh;
			shellScript = "diff \"${PODS_PODFILE_DIR_PATH}/Podfile.lock\" \"${PODS_ROOT}/Manifest.lock\" > /dev/null\nif [ $? != 0 ] ; then\n    # print error to STDERR\n    echo \"error: The sandbox is not in sync with the Podfile.lock. Run 'pod install' or update your CocoaPods installation.\" >&2\n    exit 1\nfi\n# This output is used by Xcode 'outputs' to avoid re-running this script phase.\necho \"SUCCESS\" > \"${SCRIPT_OUTPUT_FILE_0}\"\n";
			showEnvVarsInLog = 0;
		};
		9DFFF3480DFC56DE2C73F5D4 /* [CP] Embed Pods Frameworks */ = {
			isa = PBXShellScriptBuildPhase;
			buildActionMask = 2147483647;
			files = (
			);
			inputFileListPaths = (
				"${PODS_ROOT}/Target Support Files/Pods-TwitterClone/Pods-TwitterClone-frameworks-${CONFIGURATION}-input-files.xcfilelist",
			);
			name = "[CP] Embed Pods Frameworks";
			outputFileListPaths = (
				"${PODS_ROOT}/Target Support Files/Pods-TwitterClone/Pods-TwitterClone-frameworks-${CONFIGURATION}-output-files.xcfilelist",
			);
			runOnlyForDeploymentPostprocessing = 0;
			shellPath = /bin/sh;
			shellScript = "\"${PODS_ROOT}/Target Support Files/Pods-TwitterClone/Pods-TwitterClone-frameworks.sh\"\n";
			showEnvVarsInLog = 0;
		};
		AFEF395525888D2410549562 /* [CP] Check Pods Manifest.lock */ = {
			isa = PBXShellScriptBuildPhase;
			buildActionMask = 2147483647;
			files = (
			);
			inputFileListPaths = (
			);
			inputPaths = (
				"${PODS_PODFILE_DIR_PATH}/Podfile.lock",
				"${PODS_ROOT}/Manifest.lock",
			);
			name = "[CP] Check Pods Manifest.lock";
			outputFileListPaths = (
			);
			outputPaths = (
				"$(DERIVED_FILE_DIR)/Pods-TwitterCloneTests-checkManifestLockResult.txt",
			);
			runOnlyForDeploymentPostprocessing = 0;
			shellPath = /bin/sh;
			shellScript = "diff \"${PODS_PODFILE_DIR_PATH}/Podfile.lock\" \"${PODS_ROOT}/Manifest.lock\" > /dev/null\nif [ $? != 0 ] ; then\n    # print error to STDERR\n    echo \"error: The sandbox is not in sync with the Podfile.lock. Run 'pod install' or update your CocoaPods installation.\" >&2\n    exit 1\nfi\n# This output is used by Xcode 'outputs' to avoid re-running this script phase.\necho \"SUCCESS\" > \"${SCRIPT_OUTPUT_FILE_0}\"\n";
			showEnvVarsInLog = 0;
		};
		D9616332756737596F31326A /* [CP] Embed Pods Frameworks */ = {
			isa = PBXShellScriptBuildPhase;
			buildActionMask = 2147483647;
			files = (
			);
			inputFileListPaths = (
				"${PODS_ROOT}/Target Support Files/Pods-TwitterClone-TwitterCloneUITests/Pods-TwitterClone-TwitterCloneUITests-frameworks-${CONFIGURATION}-input-files.xcfilelist",
			);
			name = "[CP] Embed Pods Frameworks";
			outputFileListPaths = (
				"${PODS_ROOT}/Target Support Files/Pods-TwitterClone-TwitterCloneUITests/Pods-TwitterClone-TwitterCloneUITests-frameworks-${CONFIGURATION}-output-files.xcfilelist",
			);
			runOnlyForDeploymentPostprocessing = 0;
			shellPath = /bin/sh;
			shellScript = "\"${PODS_ROOT}/Target Support Files/Pods-TwitterClone-TwitterCloneUITests/Pods-TwitterClone-TwitterCloneUITests-frameworks.sh\"\n";
			showEnvVarsInLog = 0;
		};
/* End PBXShellScriptBuildPhase section */

/* Begin PBXSourcesBuildPhase section */
		AF094AFA24C9B694003A4C7A /* Sources */ = {
			isa = PBXSourcesBuildPhase;
			buildActionMask = 2147483647;
			files = (
				AF094B0224C9B694003A4C7A /* AppDelegate.swift in Sources */,
				AF094B3924C9B84F003A4C7A /* MainTabBarController.swift in Sources */,
				AF1E913524CB107A0082DC2F /* Utilities.swift in Sources */,
				AF094B4124C9BC23003A4C7A /* ConversationsController.swift in Sources */,
				AF094B4524C9D504003A4C7A /* Extensions.swift in Sources */,
				AF1E913124CB03980082DC2F /* LoginController.swift in Sources */,
				AF094B3F24C9BC07003A4C7A /* NotificationsController.swift in Sources */,
				AF094B3D24C9BBEF003A4C7A /* ExploreController.swift in Sources */,
				AF094B3B24C9BB94003A4C7A /* FeedController.swift in Sources */,
				AF1E913324CB042D0082DC2F /* RegistrationController.swift in Sources */,
				AF094B0424C9B694003A4C7A /* SceneDelegate.swift in Sources */,
				AF69739B24D4961D0021A259 /* Constants.swift in Sources */,
			);
			runOnlyForDeploymentPostprocessing = 0;
		};
		AF094B1024C9B695003A4C7A /* Sources */ = {
			isa = PBXSourcesBuildPhase;
			buildActionMask = 2147483647;
			files = (
				AF094B1924C9B695003A4C7A /* TwitterCloneTests.swift in Sources */,
			);
			runOnlyForDeploymentPostprocessing = 0;
		};
		AF094B1B24C9B695003A4C7A /* Sources */ = {
			isa = PBXSourcesBuildPhase;
			buildActionMask = 2147483647;
			files = (
				AF094B2424C9B695003A4C7A /* TwitterCloneUITests.swift in Sources */,
			);
			runOnlyForDeploymentPostprocessing = 0;
		};
/* End PBXSourcesBuildPhase section */

/* Begin PBXTargetDependency section */
		AF094B1624C9B695003A4C7A /* PBXTargetDependency */ = {
			isa = PBXTargetDependency;
			target = AF094AFD24C9B694003A4C7A /* TwitterClone */;
			targetProxy = AF094B1524C9B695003A4C7A /* PBXContainerItemProxy */;
		};
		AF094B2124C9B695003A4C7A /* PBXTargetDependency */ = {
			isa = PBXTargetDependency;
			target = AF094AFD24C9B694003A4C7A /* TwitterClone */;
			targetProxy = AF094B2024C9B695003A4C7A /* PBXContainerItemProxy */;
		};
/* End PBXTargetDependency section */

/* Begin PBXVariantGroup section */
		AF094B0C24C9B695003A4C7A /* LaunchScreen.storyboard */ = {
			isa = PBXVariantGroup;
			children = (
				AF094B0D24C9B695003A4C7A /* Base */,
			);
			name = LaunchScreen.storyboard;
			sourceTree = "<group>";
		};
/* End PBXVariantGroup section */

/* Begin XCBuildConfiguration section */
		AF094B2624C9B695003A4C7A /* Debug */ = {
			isa = XCBuildConfiguration;
			buildSettings = {
				ALWAYS_SEARCH_USER_PATHS = NO;
				CLANG_ANALYZER_NONNULL = YES;
				CLANG_ANALYZER_NUMBER_OBJECT_CONVERSION = YES_AGGRESSIVE;
				CLANG_CXX_LANGUAGE_STANDARD = "gnu++14";
				CLANG_CXX_LIBRARY = "libc++";
				CLANG_ENABLE_MODULES = YES;
				CLANG_ENABLE_OBJC_ARC = YES;
				CLANG_ENABLE_OBJC_WEAK = YES;
				CLANG_WARN_BLOCK_CAPTURE_AUTORELEASING = YES;
				CLANG_WARN_BOOL_CONVERSION = YES;
				CLANG_WARN_COMMA = YES;
				CLANG_WARN_CONSTANT_CONVERSION = YES;
				CLANG_WARN_DEPRECATED_OBJC_IMPLEMENTATIONS = YES;
				CLANG_WARN_DIRECT_OBJC_ISA_USAGE = YES_ERROR;
				CLANG_WARN_DOCUMENTATION_COMMENTS = YES;
				CLANG_WARN_EMPTY_BODY = YES;
				CLANG_WARN_ENUM_CONVERSION = YES;
				CLANG_WARN_INFINITE_RECURSION = YES;
				CLANG_WARN_INT_CONVERSION = YES;
				CLANG_WARN_NON_LITERAL_NULL_CONVERSION = YES;
				CLANG_WARN_OBJC_IMPLICIT_RETAIN_SELF = YES;
				CLANG_WARN_OBJC_LITERAL_CONVERSION = YES;
				CLANG_WARN_OBJC_ROOT_CLASS = YES_ERROR;
				CLANG_WARN_RANGE_LOOP_ANALYSIS = YES;
				CLANG_WARN_STRICT_PROTOTYPES = YES;
				CLANG_WARN_SUSPICIOUS_MOVE = YES;
				CLANG_WARN_UNGUARDED_AVAILABILITY = YES_AGGRESSIVE;
				CLANG_WARN_UNREACHABLE_CODE = YES;
				CLANG_WARN__DUPLICATE_METHOD_MATCH = YES;
				COPY_PHASE_STRIP = NO;
				DEBUG_INFORMATION_FORMAT = dwarf;
				ENABLE_STRICT_OBJC_MSGSEND = YES;
				ENABLE_TESTABILITY = YES;
				GCC_C_LANGUAGE_STANDARD = gnu11;
				GCC_DYNAMIC_NO_PIC = NO;
				GCC_NO_COMMON_BLOCKS = YES;
				GCC_OPTIMIZATION_LEVEL = 0;
				GCC_PREPROCESSOR_DEFINITIONS = (
					"DEBUG=1",
					"$(inherited)",
				);
				GCC_WARN_64_TO_32_BIT_CONVERSION = YES;
				GCC_WARN_ABOUT_RETURN_TYPE = YES_ERROR;
				GCC_WARN_UNDECLARED_SELECTOR = YES;
				GCC_WARN_UNINITIALIZED_AUTOS = YES_AGGRESSIVE;
				GCC_WARN_UNUSED_FUNCTION = YES;
				GCC_WARN_UNUSED_VARIABLE = YES;
				IPHONEOS_DEPLOYMENT_TARGET = 13.6;
				MTL_ENABLE_DEBUG_INFO = INCLUDE_SOURCE;
				MTL_FAST_MATH = YES;
				ONLY_ACTIVE_ARCH = YES;
				SDKROOT = iphoneos;
				SWIFT_ACTIVE_COMPILATION_CONDITIONS = DEBUG;
				SWIFT_OPTIMIZATION_LEVEL = "-Onone";
			};
			name = Debug;
		};
		AF094B2724C9B695003A4C7A /* Release */ = {
			isa = XCBuildConfiguration;
			buildSettings = {
				ALWAYS_SEARCH_USER_PATHS = NO;
				CLANG_ANALYZER_NONNULL = YES;
				CLANG_ANALYZER_NUMBER_OBJECT_CONVERSION = YES_AGGRESSIVE;
				CLANG_CXX_LANGUAGE_STANDARD = "gnu++14";
				CLANG_CXX_LIBRARY = "libc++";
				CLANG_ENABLE_MODULES = YES;
				CLANG_ENABLE_OBJC_ARC = YES;
				CLANG_ENABLE_OBJC_WEAK = YES;
				CLANG_WARN_BLOCK_CAPTURE_AUTORELEASING = YES;
				CLANG_WARN_BOOL_CONVERSION = YES;
				CLANG_WARN_COMMA = YES;
				CLANG_WARN_CONSTANT_CONVERSION = YES;
				CLANG_WARN_DEPRECATED_OBJC_IMPLEMENTATIONS = YES;
				CLANG_WARN_DIRECT_OBJC_ISA_USAGE = YES_ERROR;
				CLANG_WARN_DOCUMENTATION_COMMENTS = YES;
				CLANG_WARN_EMPTY_BODY = YES;
				CLANG_WARN_ENUM_CONVERSION = YES;
				CLANG_WARN_INFINITE_RECURSION = YES;
				CLANG_WARN_INT_CONVERSION = YES;
				CLANG_WARN_NON_LITERAL_NULL_CONVERSION = YES;
				CLANG_WARN_OBJC_IMPLICIT_RETAIN_SELF = YES;
				CLANG_WARN_OBJC_LITERAL_CONVERSION = YES;
				CLANG_WARN_OBJC_ROOT_CLASS = YES_ERROR;
				CLANG_WARN_RANGE_LOOP_ANALYSIS = YES;
				CLANG_WARN_STRICT_PROTOTYPES = YES;
				CLANG_WARN_SUSPICIOUS_MOVE = YES;
				CLANG_WARN_UNGUARDED_AVAILABILITY = YES_AGGRESSIVE;
				CLANG_WARN_UNREACHABLE_CODE = YES;
				CLANG_WARN__DUPLICATE_METHOD_MATCH = YES;
				COPY_PHASE_STRIP = NO;
				DEBUG_INFORMATION_FORMAT = "dwarf-with-dsym";
				ENABLE_NS_ASSERTIONS = NO;
				ENABLE_STRICT_OBJC_MSGSEND = YES;
				GCC_C_LANGUAGE_STANDARD = gnu11;
				GCC_NO_COMMON_BLOCKS = YES;
				GCC_WARN_64_TO_32_BIT_CONVERSION = YES;
				GCC_WARN_ABOUT_RETURN_TYPE = YES_ERROR;
				GCC_WARN_UNDECLARED_SELECTOR = YES;
				GCC_WARN_UNINITIALIZED_AUTOS = YES_AGGRESSIVE;
				GCC_WARN_UNUSED_FUNCTION = YES;
				GCC_WARN_UNUSED_VARIABLE = YES;
				IPHONEOS_DEPLOYMENT_TARGET = 13.6;
				MTL_ENABLE_DEBUG_INFO = NO;
				MTL_FAST_MATH = YES;
				SDKROOT = iphoneos;
				SWIFT_COMPILATION_MODE = wholemodule;
				SWIFT_OPTIMIZATION_LEVEL = "-O";
				VALIDATE_PRODUCT = YES;
			};
			name = Release;
		};
		AF094B2924C9B695003A4C7A /* Debug */ = {
			isa = XCBuildConfiguration;
			baseConfigurationReference = 548517F1C4261C2A21D502BB /* Pods-TwitterClone.debug.xcconfig */;
			buildSettings = {
				ASSETCATALOG_COMPILER_APPICON_NAME = AppIcon;
				CODE_SIGN_STYLE = Automatic;
				DEVELOPMENT_TEAM = T373QFGJQA;
				INFOPLIST_FILE = TwitterClone/Info.plist;
				LD_RUNPATH_SEARCH_PATHS = (
					"$(inherited)",
					"@executable_path/Frameworks",
				);
				PRODUCT_BUNDLE_IDENTIFIER = com.lidiane.TwitterClone;
				PRODUCT_NAME = "$(TARGET_NAME)";
				SWIFT_VERSION = 5.0;
				TARGETED_DEVICE_FAMILY = "1,2";
			};
			name = Debug;
		};
		AF094B2A24C9B695003A4C7A /* Release */ = {
			isa = XCBuildConfiguration;
			baseConfigurationReference = 0134D9703DDC59A3CD27354E /* Pods-TwitterClone.release.xcconfig */;
			buildSettings = {
				ASSETCATALOG_COMPILER_APPICON_NAME = AppIcon;
				CODE_SIGN_STYLE = Automatic;
				DEVELOPMENT_TEAM = T373QFGJQA;
				INFOPLIST_FILE = TwitterClone/Info.plist;
				LD_RUNPATH_SEARCH_PATHS = (
					"$(inherited)",
					"@executable_path/Frameworks",
				);
				PRODUCT_BUNDLE_IDENTIFIER = com.lidiane.TwitterClone;
				PRODUCT_NAME = "$(TARGET_NAME)";
				SWIFT_VERSION = 5.0;
				TARGETED_DEVICE_FAMILY = "1,2";
			};
			name = Release;
		};
		AF094B2C24C9B695003A4C7A /* Debug */ = {
			isa = XCBuildConfiguration;
			baseConfigurationReference = 4BB0F9E9611B676C1BC446AE /* Pods-TwitterCloneTests.debug.xcconfig */;
			buildSettings = {
				ALWAYS_EMBED_SWIFT_STANDARD_LIBRARIES = YES;
				BUNDLE_LOADER = "$(TEST_HOST)";
				CODE_SIGN_STYLE = Automatic;
				DEVELOPMENT_TEAM = T373QFGJQA;
				INFOPLIST_FILE = TwitterCloneTests/Info.plist;
				IPHONEOS_DEPLOYMENT_TARGET = 13.6;
				LD_RUNPATH_SEARCH_PATHS = (
					"$(inherited)",
					"@executable_path/Frameworks",
					"@loader_path/Frameworks",
				);
				PRODUCT_BUNDLE_IDENTIFIER = com.lidiane.TwitterCloneTests;
				PRODUCT_NAME = "$(TARGET_NAME)";
				SWIFT_VERSION = 5.0;
				TARGETED_DEVICE_FAMILY = "1,2";
				TEST_HOST = "$(BUILT_PRODUCTS_DIR)/TwitterClone.app/TwitterClone";
			};
			name = Debug;
		};
		AF094B2D24C9B695003A4C7A /* Release */ = {
			isa = XCBuildConfiguration;
			baseConfigurationReference = 5D444FEBC91EB99656798DB5 /* Pods-TwitterCloneTests.release.xcconfig */;
			buildSettings = {
				ALWAYS_EMBED_SWIFT_STANDARD_LIBRARIES = YES;
				BUNDLE_LOADER = "$(TEST_HOST)";
				CODE_SIGN_STYLE = Automatic;
				DEVELOPMENT_TEAM = T373QFGJQA;
				INFOPLIST_FILE = TwitterCloneTests/Info.plist;
				IPHONEOS_DEPLOYMENT_TARGET = 13.6;
				LD_RUNPATH_SEARCH_PATHS = (
					"$(inherited)",
					"@executable_path/Frameworks",
					"@loader_path/Frameworks",
				);
				PRODUCT_BUNDLE_IDENTIFIER = com.lidiane.TwitterCloneTests;
				PRODUCT_NAME = "$(TARGET_NAME)";
				SWIFT_VERSION = 5.0;
				TARGETED_DEVICE_FAMILY = "1,2";
				TEST_HOST = "$(BUILT_PRODUCTS_DIR)/TwitterClone.app/TwitterClone";
			};
			name = Release;
		};
		AF094B2F24C9B695003A4C7A /* Debug */ = {
			isa = XCBuildConfiguration;
			baseConfigurationReference = B2D272D1F7818DA94A7EBBA2 /* Pods-TwitterClone-TwitterCloneUITests.debug.xcconfig */;
			buildSettings = {
				ALWAYS_EMBED_SWIFT_STANDARD_LIBRARIES = YES;
				CODE_SIGN_STYLE = Automatic;
				DEVELOPMENT_TEAM = T373QFGJQA;
				INFOPLIST_FILE = TwitterCloneUITests/Info.plist;
				LD_RUNPATH_SEARCH_PATHS = (
					"$(inherited)",
					"@executable_path/Frameworks",
					"@loader_path/Frameworks",
				);
				PRODUCT_BUNDLE_IDENTIFIER = com.lidiane.TwitterCloneUITests;
				PRODUCT_NAME = "$(TARGET_NAME)";
				SWIFT_VERSION = 5.0;
				TARGETED_DEVICE_FAMILY = "1,2";
				TEST_TARGET_NAME = TwitterClone;
			};
			name = Debug;
		};
		AF094B3024C9B695003A4C7A /* Release */ = {
			isa = XCBuildConfiguration;
			baseConfigurationReference = 5437D8FA0C579CAB38379216 /* Pods-TwitterClone-TwitterCloneUITests.release.xcconfig */;
			buildSettings = {
				ALWAYS_EMBED_SWIFT_STANDARD_LIBRARIES = YES;
				CODE_SIGN_STYLE = Automatic;
				DEVELOPMENT_TEAM = T373QFGJQA;
				INFOPLIST_FILE = TwitterCloneUITests/Info.plist;
				LD_RUNPATH_SEARCH_PATHS = (
					"$(inherited)",
					"@executable_path/Frameworks",
					"@loader_path/Frameworks",
				);
				PRODUCT_BUNDLE_IDENTIFIER = com.lidiane.TwitterCloneUITests;
				PRODUCT_NAME = "$(TARGET_NAME)";
				SWIFT_VERSION = 5.0;
				TARGETED_DEVICE_FAMILY = "1,2";
				TEST_TARGET_NAME = TwitterClone;
			};
			name = Release;
		};
/* End XCBuildConfiguration section */

/* Begin XCConfigurationList section */
		AF094AF924C9B694003A4C7A /* Build configuration list for PBXProject "TwitterClone" */ = {
			isa = XCConfigurationList;
			buildConfigurations = (
				AF094B2624C9B695003A4C7A /* Debug */,
				AF094B2724C9B695003A4C7A /* Release */,
			);
			defaultConfigurationIsVisible = 0;
			defaultConfigurationName = Release;
		};
		AF094B2824C9B695003A4C7A /* Build configuration list for PBXNativeTarget "TwitterClone" */ = {
			isa = XCConfigurationList;
			buildConfigurations = (
				AF094B2924C9B695003A4C7A /* Debug */,
				AF094B2A24C9B695003A4C7A /* Release */,
			);
			defaultConfigurationIsVisible = 0;
			defaultConfigurationName = Release;
		};
		AF094B2B24C9B695003A4C7A /* Build configuration list for PBXNativeTarget "TwitterCloneTests" */ = {
			isa = XCConfigurationList;
			buildConfigurations = (
				AF094B2C24C9B695003A4C7A /* Debug */,
				AF094B2D24C9B695003A4C7A /* Release */,
			);
			defaultConfigurationIsVisible = 0;
			defaultConfigurationName = Release;
		};
		AF094B2E24C9B695003A4C7A /* Build configuration list for PBXNativeTarget "TwitterCloneUITests" */ = {
			isa = XCConfigurationList;
			buildConfigurations = (
				AF094B2F24C9B695003A4C7A /* Debug */,
				AF094B3024C9B695003A4C7A /* Release */,
			);
			defaultConfigurationIsVisible = 0;
			defaultConfigurationName = Release;
		};
/* End XCConfigurationList section */
	};
	rootObject = AF094AF624C9B694003A4C7A /* Project object */;
}
